
Microsoft Visual Studio Solution File, Format Version 12.00
# Visual Studio Version 17
VisualStudioVersion = 17.0.31903.59
MinimumVisualStudioVersion = 10.0.40219.1
Project("{2150E333-8FDC-42A3-9474-1A3956D46DE8}") = "src", "src", "{827E0CD3-B72D-47B6-A68D-7590B98EB39B}"
EndProject
Project("{2150E333-8FDC-42A3-9474-1A3956D46DE8}") = "Contracts", "Contracts", "{FFBE31B8-50B9-B415-22BC-2F92C97CADA3}"
EndProject
Project("{FAE04EC0-301F-11D3-BF4B-00C04F79EFBC}") = "ResearchPlatform.Contracts", "src\Contracts\ResearchPlatform.Contracts\ResearchPlatform.Contracts.csproj", "{67B8AA93-F6EF-493B-A727-086096B9F038}"
EndProject
Project("{FAE04EC0-301F-11D3-BF4B-00C04F79EFBC}") = "ResearchPlatform.App", "src\Composition\ResearchPlatform.App\ResearchPlatform.App.csproj", "{B8F25562-A1C7-42C4-8029-652905E2A58C}"
EndProject
Project("{FAE04EC0-301F-11D3-BF4B-00C04F79EFBC}") = "MetricsReporting", "src\Modules\MetricsReporting\MetricsReporting.csproj", "{87BCDF42-EFDA-419F-BA10-5D384BC7D9CE}"
EndProject
Project("{FAE04EC0-301F-11D3-BF4B-00C04F79EFBC}") = "BacktestEngine", "src\Modules\BacktestEngine\BacktestEngine.csproj", "{EEDB93B0-C226-45EA-90C6-C4134C864F4E}"
EndProject
Project("{FAE04EC0-301F-11D3-BF4B-00C04F79EFBC}") = "DataIngestion", "src\Modules\DataIngestion\DataIngestion.csproj", "{ADC5A2B9-08F2-4C7B-BB52-8802ACBB7930}"
EndProject
Project("{FAE04EC0-301F-11D3-BF4B-00C04F79EFBC}") = "ExperimentRunner", "src\Modules\ExperimentRunner\ExperimentRunner.csproj", "{C37FE1E7-DEC0-4755-B07D-9D90851C0B41}"
EndProject
Project("{FAE04EC0-301F-11D3-BF4B-00C04F79EFBC}") = "StrategyRegistry", "src\Modules\StrategyRegistry\StrategyRegistry.csproj", "{B8832876-CE32-447A-8CD9-10AA956ABE7C}"
EndProject
Project("{FAE04EC0-301F-11D3-BF4B-00C04F79EFBC}") = "DataWarehouse", "src\Modules\DataWarehouse\DataWarehouse.csproj", "{BF69FB12-E27F-4E67-A509-54C9CC85EF19}"
EndProject
Project("{FAE04EC0-301F-11D3-BF4B-00C04F79EFBC}") = "AiResearchAssistant", "src\Modules\AiResearchAssistant\AiResearchAssistant.csproj", "{FE4CB01B-FD66-4B0C-9660-3A01F812CE00}"
EndProject
Global
	GlobalSection(SolutionConfigurationPlatforms) = preSolution
		Debug|Any CPU = Debug|Any CPU
		Debug|x64 = Debug|x64
		Debug|x86 = Debug|x86
		Release|Any CPU = Release|Any CPU
		Release|x64 = Release|x64
		Release|x86 = Release|x86
	EndGlobalSection
	GlobalSection(ProjectConfigurationPlatforms) = postSolution
		{67B8AA93-F6EF-493B-A727-086096B9F038}.Debug|Any CPU.ActiveCfg = Debug|Any CPU
		{67B8AA93-F6EF-493B-A727-086096B9F038}.Debug|Any CPU.Build.0 = Debug|Any CPU
		{67B8AA93-F6EF-493B-A727-086096B9F038}.Debug|x64.ActiveCfg = Debug|Any CPU
		{67B8AA93-F6EF-493B-A727-086096B9F038}.Debug|x64.Build.0 = Debug|Any CPU
		{67B8AA93-F6EF-493B-A727-086096B9F038}.Debug|x86.ActiveCfg = Debug|Any CPU
		{67B8AA93-F6EF-493B-A727-086096B9F038}.Debug|x86.Build.0 = Debug|Any CPU
		{67B8AA93-F6EF-493B-A727-086096B9F038}.Release|Any CPU.ActiveCfg = Release|Any CPU
		{67B8AA93-F6EF-493B-A727-086096B9F038}.Release|Any CPU.Build.0 = Release|Any CPU
		{67B8AA93-F6EF-493B-A727-086096B9F038}.Release|x64.ActiveCfg = Release|Any CPU
		{67B8AA93-F6EF-493B-A727-086096B9F038}.Release|x64.Build.0 = Release|Any CPU
		{67B8AA93-F6EF-493B-A727-086096B9F038}.Release|x86.ActiveCfg = Release|Any CPU
		{67B8AA93-F6EF-493B-A727-086096B9F038}.Release|x86.Build.0 = Release|Any CPU
		{B8F25562-A1C7-42C4-8029-652905E2A58C}.Debug|Any CPU.ActiveCfg = Debug|Any CPU
		{B8F25562-A1C7-42C4-8029-652905E2A58C}.Debug|Any CPU.Build.0 = Debug|Any CPU
		{B8F25562-A1C7-42C4-8029-652905E2A58C}.Debug|x64.ActiveCfg = Debug|Any CPU
		{B8F25562-A1C7-42C4-8029-652905E2A58C}.Debug|x64.Build.0 = Debug|Any CPU
		{B8F25562-A1C7-42C4-8029-652905E2A58C}.Debug|x86.ActiveCfg = Debug|Any CPU
		{B8F25562-A1C7-42C4-8029-652905E2A58C}.Debug|x86.Build.0 = Debug|Any CPU
		{B8F25562-A1C7-42C4-8029-652905E2A58C}.Release|Any CPU.ActiveCfg = Release|Any CPU
		{B8F25562-A1C7-42C4-8029-652905E2A58C}.Release|Any CPU.Build.0 = Release|Any CPU
		{B8F25562-A1C7-42C4-8029-652905E2A58C}.Release|x64.ActiveCfg = Release|Any CPU
		{B8F25562-A1C7-42C4-8029-652905E2A58C}.Release|x64.Build.0 = Release|Any CPU
		{B8F25562-A1C7-42C4-8029-652905E2A58C}.Release|x86.ActiveCfg = Release|Any CPU
		{B8F25562-A1C7-42C4-8029-652905E2A58C}.Release|x86.Build.0 = Release|Any CPU
		{87BCDF42-EFDA-419F-BA10-5D384BC7D9CE}.Debug|Any CPU.ActiveCfg = Debug|Any CPU
		{87BCDF42-EFDA-419F-BA10-5D384BC7D9CE}.Debug|Any CPU.Build.0 = Debug|Any CPU
		{87BCDF42-EFDA-419F-BA10-5D384BC7D9CE}.Debug|x64.ActiveCfg = Debug|Any CPU
		{87BCDF42-EFDA-419F-BA10-5D384BC7D9CE}.Debug|x64.Build.0 = Debug|Any CPU
		{87BCDF42-EFDA-419F-BA10-5D384BC7D9CE}.Debug|x86.ActiveCfg = Debug|Any CPU
		{87BCDF42-EFDA-419F-BA10-5D384BC7D9CE}.Debug|x86.Build.0 = Debug|Any CPU
		{87BCDF42-EFDA-419F-BA10-5D384BC7D9CE}.Release|Any CPU.ActiveCfg = Release|Any CPU
		{87BCDF42-EFDA-419F-BA10-5D384BC7D9CE}.Release|Any CPU.Build.0 = Release|Any CPU
		{87BCDF42-EFDA-419F-BA10-5D384BC7D9CE}.Release|x64.ActiveCfg = Release|Any CPU
		{87BCDF42-EFDA-419F-BA10-5D384BC7D9CE}.Release|x64.Build.0 = Release|Any CPU
		{87BCDF42-EFDA-419F-BA10-5D384BC7D9CE}.Release|x86.ActiveCfg = Release|Any CPU
		{87BCDF42-EFDA-419F-BA10-5D384BC7D9CE}.Release|x86.Build.0 = Release|Any CPU
		{EEDB93B0-C226-45EA-90C6-C4134C864F4E}.Debug|Any CPU.ActiveCfg = Debug|Any CPU
		{EEDB93B0-C226-45EA-90C6-C4134C864F4E}.Debug|Any CPU.Build.0 = Debug|Any CPU
		{EEDB93B0-C226-45EA-90C6-C4134C864F4E}.Debug|x64.ActiveCfg = Debug|Any CPU
		{EEDB93B0-C226-45EA-90C6-C4134C864F4E}.Debug|x64.Build.0 = Debug|Any CPU
		{EEDB93B0-C226-45EA-90C6-C4134C864F4E}.Debug|x86.ActiveCfg = Debug|Any CPU
		{EEDB93B0-C226-45EA-90C6-C4134C864F4E}.Debug|x86.Build.0 = Debug|Any CPU
		{EEDB93B0-C226-45EA-90C6-C4134C864F4E}.Release|Any CPU.ActiveCfg = Release|Any CPU
		{EEDB93B0-C226-45EA-90C6-C4134C864F4E}.Release|Any CPU.Build.0 = Release|Any CPU
		{EEDB93B0-C226-45EA-90C6-C4134C864F4E}.Release|x64.ActiveCfg = Release|Any CPU
		{EEDB93B0-C226-45EA-90C6-C4134C864F4E}.Release|x64.Build.0 = Release|Any CPU
		{EEDB93B0-C226-45EA-90C6-C4134C864F4E}.Release|x86.ActiveCfg = Release|Any CPU
		{EEDB93B0-C226-45EA-90C6-C4134C864F4E}.Release|x86.Build.0 = Release|Any CPU
		{ADC5A2B9-08F2-4C7B-BB52-8802ACBB7930}.Debug|Any CPU.ActiveCfg = Debug|Any CPU
		{ADC5A2B9-08F2-4C7B-BB52-8802ACBB7930}.Debug|Any CPU.Build.0 = Debug|Any CPU
		{ADC5A2B9-08F2-4C7B-BB52-8802ACBB7930}.Debug|x64.ActiveCfg = Debug|Any CPU
		{ADC5A2B9-08F2-4C7B-BB52-8802ACBB7930}.Debug|x64.Build.0 = Debug|Any CPU
		{ADC5A2B9-08F2-4C7B-BB52-8802ACBB7930}.Debug|x86.ActiveCfg = Debug|Any CPU
		{ADC5A2B9-08F2-4C7B-BB52-8802ACBB7930}.Debug|x86.Build.0 = Debug|Any CPU
		{ADC5A2B9-08F2-4C7B-BB52-8802ACBB7930}.Release|Any CPU.ActiveCfg = Release|Any CPU
		{ADC5A2B9-08F2-4C7B-BB52-8802ACBB7930}.Release|Any CPU.Build.0 = Release|Any CPU
		{ADC5A2B9-08F2-4C7B-BB52-8802ACBB7930}.Release|x64.ActiveCfg = Release|Any CPU
		{ADC5A2B9-08F2-4C7B-BB52-8802ACBB7930}.Release|x64.Build.0 = Release|Any CPU
		{ADC5A2B9-08F2-4C7B-BB52-8802ACBB7930}.Release|x86.ActiveCfg = Release|Any CPU
		{ADC5A2B9-08F2-4C7B-BB52-8802ACBB7930}.Release|x86.Build.0 = Release|Any CPU
		{C37FE1E7-DEC0-4755-B07D-9D90851C0B41}.Debug|Any CPU.ActiveCfg = Debug|Any CPU
		{C37FE1E7-DEC0-4755-B07D-9D90851C0B41}.Debug|Any CPU.Build.0 = Debug|Any CPU
		{C37FE1E7-DEC0-4755-B07D-9D90851C0B41}.Debug|x64.ActiveCfg = Debug|Any CPU
		{C37FE1E7-DEC0-4755-B07D-9D90851C0B41}.Debug|x64.Build.0 = Debug|Any CPU
		{C37FE1E7-DEC0-4755-B07D-9D90851C0B41}.Debug|x86.ActiveCfg = Debug|Any CPU
		{C37FE1E7-DEC0-4755-B07D-9D90851C0B41}.Debug|x86.Build.0 = Debug|Any CPU
		{C37FE1E7-DEC0-4755-B07D-9D90851C0B41}.Release|Any CPU.ActiveCfg = Release|Any CPU
		{C37FE1E7-DEC0-4755-B07D-9D90851C0B41}.Release|Any CPU.Build.0 = Release|Any CPU
		{C37FE1E7-DEC0-4755-B07D-9D90851C0B41}.Release|x64.ActiveCfg = Release|Any CPU
		{C37FE1E7-DEC0-4755-B07D-9D90851C0B41}.Release|x64.Build.0 = Release|Any CPU
		{C37FE1E7-DEC0-4755-B07D-9D90851C0B41}.Release|x86.ActiveCfg = Release|Any CPU
		{C37FE1E7-DEC0-4755-B07D-9D90851C0B41}.Release|x86.Build.0 = Release|Any CPU
		{B8832876-CE32-447A-8CD9-10AA956ABE7C}.Debug|Any CPU.ActiveCfg = Debug|Any CPU
		{B8832876-CE32-447A-8CD9-10AA956ABE7C}.Debug|Any CPU.Build.0 = Debug|Any CPU
		{B8832876-CE32-447A-8CD9-10AA956ABE7C}.Debug|x64.ActiveCfg = Debug|Any CPU
		{B8832876-CE32-447A-8CD9-10AA956ABE7C}.Debug|x64.Build.0 = Debug|Any CPU
		{B8832876-CE32-447A-8CD9-10AA956ABE7C}.Debug|x86.ActiveCfg = Debug|Any CPU
		{B8832876-CE32-447A-8CD9-10AA956ABE7C}.Debug|x86.Build.0 = Debug|Any CPU
		{B8832876-CE32-447A-8CD9-10AA956ABE7C}.Release|Any CPU.ActiveCfg = Release|Any CPU
		{B8832876-CE32-447A-8CD9-10AA956ABE7C}.Release|Any CPU.Build.0 = Release|Any CPU
		{B8832876-CE32-447A-8CD9-10AA956ABE7C}.Release|x64.ActiveCfg = Release|Any CPU
		{B8832876-CE32-447A-8CD9-10AA956ABE7C}.Release|x64.Build.0 = Release|Any CPU
		{B8832876-CE32-447A-8CD9-10AA956ABE7C}.Release|x86.ActiveCfg = Release|Any CPU
		{B8832876-CE32-447A-8CD9-10AA956ABE7C}.Release|x86.Build.0 = Release|Any CPU
		{BF69FB12-E27F-4E67-A509-54C9CC85EF19}.Debug|Any CPU.ActiveCfg = Debug|Any CPU
		{BF69FB12-E27F-4E67-A509-54C9CC85EF19}.Debug|Any CPU.Build.0 = Debug|Any CPU
		{BF69FB12-E27F-4E67-A509-54C9CC85EF19}.Debug|x64.ActiveCfg = Debug|Any CPU
		{BF69FB12-E27F-4E67-A509-54C9CC85EF19}.Debug|x64.Build.0 = Debug|Any CPU
		{BF69FB12-E27F-4E67-A509-54C9CC85EF19}.Debug|x86.ActiveCfg = Debug|Any CPU
		{BF69FB12-E27F-4E67-A509-54C9CC85EF19}.Debug|x86.Build.0 = Debug|Any CPU
		{BF69FB12-E27F-4E67-A509-54C9CC85EF19}.Release|Any CPU.ActiveCfg = Release|Any CPU
		{BF69FB12-E27F-4E67-A509-54C9CC85EF19}.Release|Any CPU.Build.0 = Release|Any CPU
		{BF69FB12-E27F-4E67-A509-54C9CC85EF19}.Release|x64.ActiveCfg = Release|Any CPU
		{BF69FB12-E27F-4E67-A509-54C9CC85EF19}.Release|x64.Build.0 = Release|Any CPU
		{BF69FB12-E27F-4E67-A509-54C9CC85EF19}.Release|x86.ActiveCfg = Release|Any CPU
		{BF69FB12-E27F-4E67-A509-54C9CC85EF19}.Release|x86.Build.0 = Release|Any CPU
		{FE4CB01B-FD66-4B0C-9660-3A01F812CE00}.Debug|Any CPU.ActiveCfg = Debug|Any CPU
		{FE4CB01B-FD66-4B0C-9660-3A01F812CE00}.Debug|Any CPU.Build.0 = Debug|Any CPU
		{FE4CB01B-FD66-4B0C-9660-3A01F812CE00}.Debug|x64.ActiveCfg = Debug|Any CPU
		{FE4CB01B-FD66-4B0C-9660-3A01F812CE00}.Debug|x64.Build.0 = Debug|Any CPU
		{FE4CB01B-FD66-4B0C-9660-3A01F812CE00}.Debug|x86.ActiveCfg = Debug|Any CPU
		{FE4CB01B-FD66-4B0C-9660-3A01F812CE00}.Debug|x86.Build.0 = Debug|Any CPU
		{FE4CB01B-FD66-4B0C-9660-3A01F812CE00}.Release|Any CPU.ActiveCfg = Release|Any CPU
		{FE4CB01B-FD66-4B0C-9660-3A01F812CE00}.Release|Any CPU.Build.0 = Release|Any CPU
		{FE4CB01B-FD66-4B0C-9660-3A01F812CE00}.Release|x64.ActiveCfg = Release|Any CPU
		{FE4CB01B-FD66-4B0C-9660-3A01F812CE00}.Release|x64.Build.0 = Release|Any CPU
		{FE4CB01B-FD66-4B0C-9660-3A01F812CE00}.Release|x86.ActiveCfg = Release|Any CPU
		{FE4CB01B-FD66-4B0C-9660-3A01F812CE00}.Release|x86.Build.0 = Release|Any CPU
	EndGlobalSection
	GlobalSection(SolutionProperties) = preSolution
		HideSolutionNode = FALSE
	EndGlobalSection
	GlobalSection(NestedProjects) = preSolution
		{FFBE31B8-50B9-B415-22BC-2F92C97CADA3} = {827E0CD3-B72D-47B6-A68D-7590B98EB39B}
		{67B8AA93-F6EF-493B-A727-086096B9F038} = {FFBE31B8-50B9-B415-22BC-2F92C97CADA3}
		{B8F25562-A1C7-42C4-8029-652905E2A58C} = {FFBE31B8-50B9-B415-22BC-2F92C97CADA3}
		{87BCDF42-EFDA-419F-BA10-5D384BC7D9CE} = {FFBE31B8-50B9-B415-22BC-2F92C97CADA3}
		{EEDB93B0-C226-45EA-90C6-C4134C864F4E} = {FFBE31B8-50B9-B415-22BC-2F92C97CADA3}
		{ADC5A2B9-08F2-4C7B-BB52-8802ACBB7930} = {FFBE31B8-50B9-B415-22BC-2F92C97CADA3}
		{C37FE1E7-DEC0-4755-B07D-9D90851C0B41} = {FFBE31B8-50B9-B415-22BC-2F92C97CADA3}
		{B8832876-CE32-447A-8CD9-10AA956ABE7C} = {FFBE31B8-50B9-B415-22BC-2F92C97CADA3}
		{BF69FB12-E27F-4E67-A509-54C9CC85EF19} = {FFBE31B8-50B9-B415-22BC-2F92C97CADA3}
		{FE4CB01B-FD66-4B0C-9660-3A01F812CE00} = {FFBE31B8-50B9-B415-22BC-2F92C97CADA3}
	EndGlobalSection
EndGlobal
